
Microsoft Visual Studio Solution File, Format Version 12.00
# Visual Studio Version 17
VisualStudioVersion = 17.4.33110.190
MinimumVisualStudioVersion = 10.0.40219.1
Project("{9A19103F-16F7-4668-BE54-9A1E7A4F7556}") = "LibLpad", "LibLpad\LibLpad.csproj", "{5FD434E2-B81F-410F-9A44-1DDE3C3BD831}"
EndProject
Project("{FAE04EC0-301F-11D3-BF4B-00C04F79EFBC}") = "Lpad", "Lpad\Lpad.csproj", "{A5B2F282-4C86-411D-B3BE-7353AEC57DA5}"
EndProject
Global
	GlobalSection(SolutionConfigurationPlatforms) = preSolution
		Debug|Any CPU = Debug|Any CPU
		Release|Any CPU = Release|Any CPU
	EndGlobalSection
	GlobalSection(ProjectConfigurationPlatforms) = postSolution
		{5FD434E2-B81F-410F-9A44-1DDE3C3BD831}.Debug|Any CPU.ActiveCfg = Debug|Any CPU
		{5FD434E2-B81F-410F-9A44-1DDE3C3BD831}.Debug|Any CPU.Build.0 = Debug|Any CPU
		{5FD434E2-B81F-410F-9A44-1DDE3C3BD831}.Release|Any CPU.ActiveCfg = Release|Any CPU
		{5FD434E2-B81F-410F-9A44-1DDE3C3BD831}.Release|Any CPU.Build.0 = Release|Any CPU
		{A5B2F282-4C86-411D-B3BE-7353AEC57DA5}.Debug|Any CPU.ActiveCfg = Debug|Any CPU
		{A5B2F282-4C86-411D-B3BE-7353AEC57DA5}.Debug|Any CPU.Build.0 = Debug|Any CPU
		{A5B2F282-4C86-411D-B3BE-7353AEC57DA5}.Release|Any CPU.ActiveCfg = Release|Any CPU
		{A5B2F282-4C86-411D-B3BE-7353AEC57DA5}.Release|Any CPU.Build.0 = Release|Any CPU
	EndGlobalSection
	GlobalSection(SolutionProperties) = preSolution
		HideSolutionNode = FALSE
	EndGlobalSection
	GlobalSection(ExtensibilityGlobals) = postSolution
		SolutionGuid = {F5BF1BFF-7380-484E-A2AD-62B8119A58A0}
	EndGlobalSection
EndGlobal
